{
  "requires": true,
  "lockfileVersion": 1,
  "dependencies": {
    "@babel/runtime": {
      "version": "7.9.6",
      "resolved": "https://registry.npmjs.org/@babel/runtime/-/runtime-7.9.6.tgz",
      "integrity": "sha512-64AF1xY3OAkFHqOb9s4jpgk1Mm5vDZ4L3acHvAml+53nO1XbXLuDodsVpO4OIUsmemlUHMxNdYMNJmsvOwLrvQ==",
      "requires": {
        "regenerator-runtime": "^0.13.4"
      }
    },
    "@jiaminghi/bezier-curve": {
      "version": "0.0.9",
      "resolved": "https://registry.npmjs.org/@jiaminghi/bezier-curve/-/bezier-curve-0.0.9.tgz",
      "integrity": "sha512-u9xJPOEl6Dri2E9FfmJoGxYQY7vYJkURNX04Vj64tdi535tPrpkuf9Sm0lNr3QTKdHQh0DdNRsaa62FLQNQEEw==",
      "requires": {
        "@babel/runtime": "^7.5.5"
      }
    },
    "@jiaminghi/c-render": {
      "version": "0.4.3",
      "resolved": "https://registry.npmjs.org/@jiaminghi/c-render/-/c-render-0.4.3.tgz",
      "integrity": "sha512-FJfzj5hGj7MLqqqI2D7vEzHKbQ1Ynnn7PJKgzsjXaZpJzTqs2Yw5OSeZnm6l7Qj7jyPAP53lFvEQNH4o4j6s+Q==",
      "requires": {
        "@babel/runtime": "^7.5.5",
        "@jiaminghi/bezier-curve": "*",
        "@jiaminghi/color": "*",
        "@jiaminghi/transition": "*"
      }
    },
    "@jiaminghi/charts": {
      "version": "0.2.15",
      "resolved": "https://registry.npmjs.org/@jiaminghi/charts/-/charts-0.2.15.tgz",
      "integrity": "sha512-T239EHf1XtcxGyVMC+Z4x10pYWp+ozXR1D2/PjZ6fplB7zbHC5fp810qmXqu6Mp39CvnKeh3GcoFezXSJoXwlw==",
      "requires": {
        "@babel/runtime": "^7.5.5",
        "@jiaminghi/c-render": "*"
      }
    },
    "@jiaminghi/color": {
      "version": "0.1.1",
      "resolved": "https://registry.npmjs.org/@jiaminghi/color/-/color-0.1.1.tgz",
      "integrity": "sha512-M09+Sb5HGqVim0zo+nG5gU1v+6gXT8ptr0BZR6dMGt83XmCJgnZtO8s7llTW4hLFFFM5co6geZvTekqLpSPAAQ==",
      "requires": {
        "@babel/runtime": "^7.5.5"
      }
    },
    "@jiaminghi/data-view": {
      "version": "2.8.3",
      "resolved": "https://registry.npmjs.org/@jiaminghi/data-view/-/data-view-2.8.3.tgz",
      "integrity": "sha512-gymGjuK8xs2VGao34nwjKMnYNMbvO/fb+Xlr6+uK1UEXL82Xmo2/k7VrvoXo84HEtRiyno0Nt0GgPsee1I9URQ==",
      "requires": {
        "@babel/runtime": "^7.5.5",
        "@jiaminghi/charts": "*"
      }
    },
    "@jiaminghi/transition": {
      "version": "1.1.11",
      "resolved": "https://registry.npmjs.org/@jiaminghi/transition/-/transition-1.1.11.tgz",
      "integrity": "sha512-owBggipoHMikDHHDW5Gc7RZYlVuvxHADiU4bxfjBVkHDAmmck+fCkm46n2JzC3j33hWvP9nSCAeh37t6stgWeg==",
      "requires": {
        "@babel/runtime": "^7.5.5"
      }
    },
    "regenerator-runtime": {
      "version": "0.13.5",
      "resolved": "https://registry.npmjs.org/regenerator-runtime/-/regenerator-runtime-0.13.5.tgz",
      "integrity": "sha512-ZS5w8CpKFinUzOwW3c83oPeVXoNsrLsaCoLtJvAClH135j/R77RuymhiSErhm2lKcwSCIpmvIWSbDkIfAqKQlA=="
    }
  }
}
